
Microsoft Visual Studio Solution File, Format Version 12.00
# Visual Studio Version 16
VisualStudioVersion = 16.0.31019.35
MinimumVisualStudioVersion = 10.0.40219.1
Project("{FAE04EC0-301F-11D3-BF4B-00C04F79EFBC}") = "MusicService", "MusicService\MusicService.csproj", "{03068DD8-04D8-4DC5-B8D1-C538EEE57691}"
EndProject
Global
	GlobalSection(SolutionConfigurationPlatforms) = preSolution
		Debug|Any CPU = Debug|Any CPU
		Release|Any CPU = Release|Any CPU
	EndGlobalSection
	GlobalSection(ProjectConfigurationPlatforms) = postSolution
		{03068DD8-04D8-4DC5-B8D1-C538EEE57691}.Debug|Any CPU.ActiveCfg = Debug|Any CPU
		{03068DD8-04D8-4DC5-B8D1-C538EEE57691}.Debug|Any CPU.Build.0 = Debug|Any CPU
		{03068DD8-04D8-4DC5-B8D1-C538EEE57691}.Release|Any CPU.ActiveCfg = Release|Any CPU
		{03068DD8-04D8-4DC5-B8D1-C538EEE57691}.Release|Any CPU.Build.0 = Release|Any CPU
	EndGlobalSection
	GlobalSection(SolutionProperties) = preSolution
		HideSolutionNode = FALSE
	EndGlobalSection
	GlobalSection(ExtensibilityGlobals) = postSolution
		SolutionGuid = {310BEF80-7304-4461-9582-5FC1AD7EE635}
	EndGlobalSection
EndGlobal
